// !$*UTF8*$!
{
	archiveVersion = 1;
	classes = {
	};
	objectVersion = 50;
	objects = {

/* Begin PBXBuildFile section */
		D2AC1EA026CAE8D700C1B662 /* AppDelegate.swift in Sources */ = {isa = PBXBuildFile; fileRef = D2AC1E9F26CAE8D700C1B662 /* AppDelegate.swift */; };
		D2AC1EA226CAE8D700C1B662 /* SceneDelegate.swift in Sources */ = {isa = PBXBuildFile; fileRef = D2AC1EA126CAE8D700C1B662 /* SceneDelegate.swift */; };
		D2AC1EA426CAE8D700C1B662 /* ViewController.swift in Sources */ = {isa = PBXBuildFile; fileRef = D2AC1EA326CAE8D700C1B662 /* ViewController.swift */; };
		D2AC1EA726CAE8D700C1B662 /* Main.storyboard in Resources */ = {isa = PBXBuildFile; fileRef = D2AC1EA526CAE8D700C1B662 /* Main.storyboard */; };
		D2AC1EA926CAE8D800C1B662 /* Assets.xcassets in Resources */ = {isa = PBXBuildFile; fileRef = D2AC1EA826CAE8D800C1B662 /* Assets.xcassets */; };
		D2AC1EAC26CAE8D800C1B662 /* LaunchScreen.storyboard in Resources */ = {isa = PBXBuildFile; fileRef = D2AC1EAA26CAE8D800C1B662 /* LaunchScreen.storyboard */; };
		D2AC1EB726CAE8D800C1B662 /* TipCalculatorPreworkTests.swift in Sources */ = {isa = PBXBuildFile; fileRef = D2AC1EB626CAE8D800C1B662 /* TipCalculatorPreworkTests.swift */; };
		D2AC1EC226CAE8D800C1B662 /* TipCalculatorPreworkUITests.swift in Sources */ = {isa = PBXBuildFile; fileRef = D2AC1EC126CAE8D800C1B662 /* TipCalculatorPreworkUITests.swift */; };
/* End PBXBuildFile section */

/* Begin PBXContainerItemProxy section */
		D2AC1EB326CAE8D800C1B662 /* PBXContainerItemProxy */ = {
			isa = PBXContainerItemProxy;
			containerPortal = D2AC1E9426CAE8D700C1B662 /* Project object */;
			proxyType = 1;
			remoteGlobalIDString = D2AC1E9B26CAE8D700C1B662;
			remoteInfo = TipCalculatorPrework;
		};
		D2AC1EBE26CAE8D800C1B662 /* PBXContainerItemProxy */ = {
			isa = PBXContainerItemProxy;
			containerPortal = D2AC1E9426CAE8D700C1B662 /* Project object */;
			proxyType = 1;
			remoteGlobalIDString = D2AC1E9B26CAE8D700C1B662;
			remoteInfo = TipCalculatorPrework;
		};
/* End PBXContainerItemProxy section */

/* Begin PBXFileReference section */
		D2AC1E9C26CAE8D700C1B662 /* TipCalculatorPrework.app */ = {isa = PBXFileReference; explicitFileType = wrapper.application; includeInIndex = 0; path = TipCalculatorPrework.app; sourceTree = BUILT_PRODUCTS_DIR; };
		D2AC1E9F26CAE8D700C1B662 /* AppDelegate.swift */ = {isa = PBXFileReference; lastKnownFileType = sourcecode.swift; path = AppDelegate.swift; sourceTree = "<group>"; };
		D2AC1EA126CAE8D700C1B662 /* SceneDelegate.swift */ = {isa = PBXFileReference; lastKnownFileType = sourcecode.swift; path = SceneDelegate.swift; sourceTree = "<group>"; };
		D2AC1EA326CAE8D700C1B662 /* ViewController.swift */ = {isa = PBXFileReference; lastKnownFileType = sourcecode.swift; path = ViewController.swift; sourceTree = "<group>"; };
		D2AC1EA626CAE8D700C1B662 /* Base */ = {isa = PBXFileReference; lastKnownFileType = file.storyboard; name = Base; path = Base.lproj/Main.storyboard; sourceTree = "<group>"; };
		D2AC1EA826CAE8D800C1B662 /* Assets.xcassets */ = {isa = PBXFileReference; lastKnownFileType = folder.assetcatalog; path = Assets.xcassets; sourceTree = "<group>"; };
		D2AC1EAB26CAE8D800C1B662 /* Base */ = {isa = PBXFileReference; lastKnownFileType = file.storyboard; name = Base; path = Base.lproj/LaunchScreen.storyboard; sourceTree = "<group>"; };
		D2AC1EAD26CAE8D800C1B662 /* Info.plist */ = {isa = PBXFileReference; lastKnownFileType = text.plist.xml; path = Info.plist; sourceTree = "<group>"; };
		D2AC1EB226CAE8D800C1B662 /* TipCalculatorPreworkTests.xctest */ = {isa = PBXFileReference; explicitFileType = wrapper.cfbundle; includeInIndex = 0; path = TipCalculatorPreworkTests.xctest; sourceTree = BUILT_PRODUCTS_DIR; };
		D2AC1EB626CAE8D800C1B662 /* TipCalculatorPreworkTests.swift */ = {isa = PBXFileReference; lastKnownFileType = sourcecode.swift; path = TipCalculatorPreworkTests.swift; sourceTree = "<group>"; };
		D2AC1EB826CAE8D800C1B662 /* Info.plist */ = {isa = PBXFileReference; lastKnownFileType = text.plist.xml; path = Info.plist; sourceTree = "<group>"; };
		D2AC1EBD26CAE8D800C1B662 /* TipCalculatorPreworkUITests.xctest */ = {isa = PBXFileReference; explicitFileType = wrapper.cfbundle; includeInIndex = 0; path = TipCalculatorPreworkUITests.xctest; sourceTree = BUILT_PRODUCTS_DIR; };
		D2AC1EC126CAE8D800C1B662 /* TipCalculatorPreworkUITests.swift */ = {isa = PBXFileReference; lastKnownFileType = sourcecode.swift; path = TipCalculatorPreworkUITests.swift; sourceTree = "<group>"; };
		D2AC1EC326CAE8D800C1B662 /* Info.plist */ = {isa = PBXFileReference; lastKnownFileType = text.plist.xml; path = Info.plist; sourceTree = "<group>"; };
/* End PBXFileReference section */

/* Begin PBXFrameworksBuildPhase section */
		D2AC1E9926CAE8D700C1B662 /* Frameworks */ = {
			isa = PBXFrameworksBuildPhase;
			buildActionMask = 2147483647;
			files = (
			);
			runOnlyForDeploymentPostprocessing = 0;
		};
		D2AC1EAF26CAE8D800C1B662 /* Frameworks */ = {
			isa = PBXFrameworksBuildPhase;
			buildActionMask = 2147483647;
			files = (
			);
			runOnlyForDeploymentPostprocessing = 0;
		};
		D2AC1EBA26CAE8D800C1B662 /* Frameworks */ = {
			isa = PBXFrameworksBuildPhase;
			buildActionMask = 2147483647;
			files = (
			);
			runOnlyForDeploymentPostprocessing = 0;
		};
/* End PBXFrameworksBuildPhase section */

/* Begin PBXGroup section */
		D2AC1E9326CAE8D700C1B662 = {
			isa = PBXGroup;
			children = (
				D2AC1E9E26CAE8D700C1B662 /* TipCalculatorPrework */,
				D2AC1EB526CAE8D800C1B662 /* TipCalculatorPreworkTests */,
				D2AC1EC026CAE8D800C1B662 /* TipCalculatorPreworkUITests */,
				D2AC1E9D26CAE8D700C1B662 /* Products */,
			);
			sourceTree = "<group>";
		};
		D2AC1E9D26CAE8D700C1B662 /* Products */ = {
			isa = PBXGroup;
			children = (
				D2AC1E9C26CAE8D700C1B662 /* TipCalculatorPrework.app */,
				D2AC1EB226CAE8D800C1B662 /* TipCalculatorPreworkTests.xctest */,
				D2AC1EBD26CAE8D800C1B662 /* TipCalculatorPreworkUITests.xctest */,
			);
			name = Products;
			sourceTree = "<group>";
		};
		D2AC1E9E26CAE8D700C1B662 /* TipCalculatorPrework */ = {
			isa = PBXGroup;
			children = (
				D2AC1E9F26CAE8D700C1B662 /* AppDelegate.swift */,
				D2AC1EA126CAE8D700C1B662 /* SceneDelegate.swift */,
				D2AC1EA326CAE8D700C1B662 /* ViewController.swift */,
				D2AC1EA526CAE8D700C1B662 /* Main.storyboard */,
				D2AC1EA826CAE8D800C1B662 /* Assets.xcassets */,
				D2AC1EAA26CAE8D800C1B662 /* LaunchScreen.storyboard */,
				D2AC1EAD26CAE8D800C1B662 /* Info.plist */,
			);
			path = TipCalculatorPrework;
			sourceTree = "<group>";
		};
		D2AC1EB526CAE8D800C1B662 /* TipCalculatorPreworkTests */ = {
			isa = PBXGroup;
			children = (
				D2AC1EB626CAE8D800C1B662 /* TipCalculatorPreworkTests.swift */,
				D2AC1EB826CAE8D800C1B662 /* Info.plist */,
			);
			path = TipCalculatorPreworkTests;
			sourceTree = "<group>";
		};
		D2AC1EC026CAE8D800C1B662 /* TipCalculatorPreworkUITests */ = {
			isa = PBXGroup;
			children = (
				D2AC1EC126CAE8D800C1B662 /* TipCalculatorPreworkUITests.swift */,
				D2AC1EC326CAE8D800C1B662 /* Info.plist */,
			);
			path = TipCalculatorPreworkUITests;
			sourceTree = "<group>";
		};
/* End PBXGroup section */

/* Begin PBXNativeTarget section */
		D2AC1E9B26CAE8D700C1B662 /* TipCalculatorPrework */ = {
			isa = PBXNativeTarget;
			buildConfigurationList = D2AC1EC626CAE8D800C1B662 /* Build configuration list for PBXNativeTarget "TipCalculatorPrework" */;
			buildPhases = (
				D2AC1E9826CAE8D700C1B662 /* Sources */,
				D2AC1E9926CAE8D700C1B662 /* Frameworks */,
				D2AC1E9A26CAE8D700C1B662 /* Resources */,
			);
			buildRules = (
			);
			dependencies = (
			);
			name = TipCalculatorPrework;
			productName = TipCalculatorPrework;
			productReference = D2AC1E9C26CAE8D700C1B662 /* TipCalculatorPrework.app */;
			productType = "com.apple.product-type.application";
		};
		D2AC1EB126CAE8D800C1B662 /* TipCalculatorPreworkTests */ = {
			isa = PBXNativeTarget;
			buildConfigurationList = D2AC1EC926CAE8D800C1B662 /* Build configuration list for PBXNativeTarget "TipCalculatorPreworkTests" */;
			buildPhases = (
				D2AC1EAE26CAE8D800C1B662 /* Sources */,
				D2AC1EAF26CAE8D800C1B662 /* Frameworks */,
				D2AC1EB026CAE8D800C1B662 /* Resources */,
			);
			buildRules = (
			);
			dependencies = (
				D2AC1EB426CAE8D800C1B662 /* PBXTargetDependency */,
			);
			name = TipCalculatorPreworkTests;
			productName = TipCalculatorPreworkTests;
			productReference = D2AC1EB226CAE8D800C1B662 /* TipCalculatorPreworkTests.xctest */;
			productType = "com.apple.product-type.bundle.unit-test";
		};
		D2AC1EBC26CAE8D800C1B662 /* TipCalculatorPreworkUITests */ = {
			isa = PBXNativeTarget;
			buildConfigurationList = D2AC1ECC26CAE8D800C1B662 /* Build configuration list for PBXNativeTarget "TipCalculatorPreworkUITests" */;
			buildPhases = (
				D2AC1EB926CAE8D800C1B662 /* Sources */,
				D2AC1EBA26CAE8D800C1B662 /* Frameworks */,
				D2AC1EBB26CAE8D800C1B662 /* Resources */,
			);
			buildRules = (
			);
			dependencies = (
				D2AC1EBF26CAE8D800C1B662 /* PBXTargetDependency */,
			);
			name = TipCalculatorPreworkUITests;
			productName = TipCalculatorPreworkUITests;
			productReference = D2AC1EBD26CAE8D800C1B662 /* TipCalculatorPreworkUITests.xctest */;
			productType = "com.apple.product-type.bundle.ui-testing";
		};
/* End PBXNativeTarget section */

/* Begin PBXProject section */
		D2AC1E9426CAE8D700C1B662 /* Project object */ = {
			isa = PBXProject;
			attributes = {
				LastSwiftUpdateCheck = 1250;
				LastUpgradeCheck = 1250;
				TargetAttributes = {
					D2AC1E9B26CAE8D700C1B662 = {
						CreatedOnToolsVersion = 12.5.1;
					};
					D2AC1EB126CAE8D800C1B662 = {
						CreatedOnToolsVersion = 12.5.1;
						TestTargetID = D2AC1E9B26CAE8D700C1B662;
					};
					D2AC1EBC26CAE8D800C1B662 = {
						CreatedOnToolsVersion = 12.5.1;
						TestTargetID = D2AC1E9B26CAE8D700C1B662;
					};
				};
			};
			buildConfigurationList = D2AC1E9726CAE8D700C1B662 /* Build configuration list for PBXProject "TipCalculatorPrework" */;
			compatibilityVersion = "Xcode 9.3";
			developmentRegion = en;
			hasScannedForEncodings = 0;
			knownRegions = (
				en,
				Base,
			);
			mainGroup = D2AC1E9326CAE8D700C1B662;
			productRefGroup = D2AC1E9D26CAE8D700C1B662 /* Products */;
			projectDirPath = "";
			projectRoot = "";
			targets = (
				D2AC1E9B26CAE8D700C1B662 /* TipCalculatorPrework */,
				D2AC1EB126CAE8D800C1B662 /* TipCalculatorPreworkTests */,
				D2AC1EBC26CAE8D800C1B662 /* TipCalculatorPreworkUITests */,
			);
		};
/* End PBXProject section */

/* Begin PBXResourcesBuildPhase section */
		D2AC1E9A26CAE8D700C1B662 /* Resources */ = {
			isa = PBXResourcesBuildPhase;
			buildActionMask = 2147483647;
			files = (
				D2AC1EAC26CAE8D800C1B662 /* LaunchScreen.storyboard in Resources */,
				D2AC1EA926CAE8D800C1B662 /* Assets.xcassets in Resources */,
				D2AC1EA726CAE8D700C1B662 /* Main.storyboard in Resources */,
			);
			runOnlyForDeploymentPostprocessing = 0;
		};
		D2AC1EB026CAE8D800C1B662 /* Resources */ = {
			isa = PBXResourcesBuildPhase;
			buildActionMask = 2147483647;
			files = (
			);
			runOnlyForDeploymentPostprocessing = 0;
		};
		D2AC1EBB26CAE8D800C1B662 /* Resources */ = {
			isa = PBXResourcesBuildPhase;
			buildActionMask = 2147483647;
			files = (
			);
			runOnlyForDeploymentPostprocessing = 0;
		};
/* End PBXResourcesBuildPhase section */

/* Begin PBXSourcesBuildPhase section */
		D2AC1E9826CAE8D700C1B662 /* Sources */ = {
			isa = PBXSourcesBuildPhase;
			buildActionMask = 2147483647;
			files = (
				D2AC1EA426CAE8D700C1B662 /* ViewController.swift in Sources */,
				D2AC1EA026CAE8D700C1B662 /* AppDelegate.swift in Sources */,
				D2AC1EA226CAE8D700C1B662 /* SceneDelegate.swift in Sources */,
			);
			runOnlyForDeploymentPostprocessing = 0;
		};
		D2AC1EAE26CAE8D800C1B662 /* Sources */ = {
			isa = PBXSourcesBuildPhase;
			buildActionMask = 2147483647;
			files = (
				D2AC1EB726CAE8D800C1B662 /* TipCalculatorPreworkTests.swift in Sources */,
			);
			runOnlyForDeploymentPostprocessing = 0;
		};
		D2AC1EB926CAE8D800C1B662 /* Sources */ = {
			isa = PBXSourcesBuildPhase;
			buildActionMask = 2147483647;
			files = (
				D2AC1EC226CAE8D800C1B662 /* TipCalculatorPreworkUITests.swift in Sources */,
			);
			runOnlyForDeploymentPostprocessing = 0;
		};
/* End PBXSourcesBuildPhase section */

/* Begin PBXTargetDependency section */
		D2AC1EB426CAE8D800C1B662 /* PBXTargetDependency */ = {
			isa = PBXTargetDependency;
			target = D2AC1E9B26CAE8D700C1B662 /* TipCalculatorPrework */;
			targetProxy = D2AC1EB326CAE8D800C1B662 /* PBXContainerItemProxy */;
		};
		D2AC1EBF26CAE8D800C1B662 /* PBXTargetDependency */ = {
			isa = PBXTargetDependency;
			target = D2AC1E9B26CAE8D700C1B662 /* TipCalculatorPrework */;
			targetProxy = D2AC1EBE26CAE8D800C1B662 /* PBXContainerItemProxy */;
		};
/* End PBXTargetDependency section */

/* Begin PBXVariantGroup section */
		D2AC1EA526CAE8D700C1B662 /* Main.storyboard */ = {
			isa = PBXVariantGroup;
			children = (
				D2AC1EA626CAE8D700C1B662 /* Base */,
			);
			name = Main.storyboard;
			sourceTree = "<group>";
		};
		D2AC1EAA26CAE8D800C1B662 /* LaunchScreen.storyboard */ = {
			isa = PBXVariantGroup;
			children = (
				D2AC1EAB26CAE8D800C1B662 /* Base */,
			);
			name = LaunchScreen.storyboard;
			sourceTree = "<group>";
		};
/* End PBXVariantGroup section */

/* Begin XCBuildConfiguration section */
		D2AC1EC426CAE8D800C1B662 /* Debug */ = {
			isa = XCBuildConfiguration;
			buildSettings = {
				ALWAYS_SEARCH_USER_PATHS = NO;
				CLANG_ANALYZER_NONNULL = YES;
				CLANG_ANALYZER_NUMBER_OBJECT_CONVERSION = YES_AGGRESSIVE;
				CLANG_CXX_LANGUAGE_STANDARD = "gnu++14";
				CLANG_CXX_LIBRARY = "libc++";
				CLANG_ENABLE_MODULES = YES;
				CLANG_ENABLE_OBJC_ARC = YES;
				CLANG_ENABLE_OBJC_WEAK = YES;
				CLANG_WARN_BLOCK_CAPTURE_AUTORELEASING = YES;
				CLANG_WARN_BOOL_CONVERSION = YES;
				CLANG_WARN_COMMA = YES;
				CLANG_WARN_CONSTANT_CONVERSION = YES;
				CLANG_WARN_DEPRECATED_OBJC_IMPLEMENTATIONS = YES;
				CLANG_WARN_DIRECT_OBJC_ISA_USAGE = YES_ERROR;
				CLANG_WARN_DOCUMENTATION_COMMENTS = YES;
				CLANG_WARN_EMPTY_BODY = YES;
				CLANG_WARN_ENUM_CONVERSION = YES;
				CLANG_WARN_INFINITE_RECURSION = YES;
				CLANG_WARN_INT_CONVERSION = YES;
				CLANG_WARN_NON_LITERAL_NULL_CONVERSION = YES;
				CLANG_WARN_OBJC_IMPLICIT_RETAIN_SELF = YES;
				CLANG_WARN_OBJC_LITERAL_CONVERSION = YES;
				CLANG_WARN_OBJC_ROOT_CLASS = YES_ERROR;
				CLANG_WARN_QUOTED_INCLUDE_IN_FRAMEWORK_HEADER = YES;
				CLANG_WARN_RANGE_LOOP_ANALYSIS = YES;
				CLANG_WARN_STRICT_PROTOTYPES = YES;
				CLANG_WARN_SUSPICIOUS_MOVE = YES;
				CLANG_WARN_UNGUARDED_AVAILABILITY = YES_AGGRESSIVE;
				CLANG_WARN_UNREACHABLE_CODE = YES;
				CLANG_WARN__DUPLICATE_METHOD_MATCH = YES;
				COPY_PHASE_STRIP = NO;
				DEBUG_INFORMATION_FORMAT = dwarf;
				ENABLE_STRICT_OBJC_MSGSEND = YES;
				ENABLE_TESTABILITY = YES;
				GCC_C_LANGUAGE_STANDARD = gnu11;
				GCC_DYNAMIC_NO_PIC = NO;
				GCC_NO_COMMON_BLOCKS = YES;
				GCC_OPTIMIZATION_LEVEL = 0;
				GCC_PREPROCESSOR_DEFINITIONS = (
					"DEBUG=1",
					"$(inherited)",
				);
				GCC_WARN_64_TO_32_BIT_CONVERSION = YES;
				GCC_WARN_ABOUT_RETURN_TYPE = YES_ERROR;
				GCC_WARN_UNDECLARED_SELECTOR = YES;
				GCC_WARN_UNINITIALIZED_AUTOS = YES_AGGRESSIVE;
				GCC_WARN_UNUSED_FUNCTION = YES;
				GCC_WARN_UNUSED_VARIABLE = YES;
				IPHONEOS_DEPLOYMENT_TARGET = 14.5;
				MTL_ENABLE_DEBUG_INFO = INCLUDE_SOURCE;
				MTL_FAST_MATH = YES;
				ONLY_ACTIVE_ARCH = YES;
				SDKROOT = iphoneos;
				SWIFT_ACTIVE_COMPILATION_CONDITIONS = DEBUG;
				SWIFT_OPTIMIZATION_LEVEL = "-Onone";
			};
			name = Debug;
		};
		D2AC1EC526CAE8D800C1B662 /* Release */ = {
			isa = XCBuildConfiguration;
			buildSettings = {
				ALWAYS_SEARCH_USER_PATHS = NO;
				CLANG_ANALYZER_NONNULL = YES;
				CLANG_ANALYZER_NUMBER_OBJECT_CONVERSION = YES_AGGRESSIVE;
				CLANG_CXX_LANGUAGE_STANDARD = "gnu++14";
				CLANG_CXX_LIBRARY = "libc++";
				CLANG_ENABLE_MODULES = YES;
				CLANG_ENABLE_OBJC_ARC = YES;
				CLANG_ENABLE_OBJC_WEAK = YES;
				CLANG_WARN_BLOCK_CAPTURE_AUTORELEASING = YES;
				CLANG_WARN_BOOL_CONVERSION = YES;
				CLANG_WARN_COMMA = YES;
				CLANG_WARN_CONSTANT_CONVERSION = YES;
				CLANG_WARN_DEPRECATED_OBJC_IMPLEMENTATIONS = YES;
				CLANG_WARN_DIRECT_OBJC_ISA_USAGE = YES_ERROR;
				CLANG_WARN_DOCUMENTATION_COMMENTS = YES;
				CLANG_WARN_EMPTY_BODY = YES;
				CLANG_WARN_ENUM_CONVERSION = YES;
				CLANG_WARN_INFINITE_RECURSION = YES;
				CLANG_WARN_INT_CONVERSION = YES;
				CLANG_WARN_NON_LITERAL_NULL_CONVERSION = YES;
				CLANG_WARN_OBJC_IMPLICIT_RETAIN_SELF = YES;
				CLANG_WARN_OBJC_LITERAL_CONVERSION = YES;
				CLANG_WARN_OBJC_ROOT_CLASS = YES_ERROR;
				CLANG_WARN_QUOTED_INCLUDE_IN_FRAMEWORK_HEADER = YES;
				CLANG_WARN_RANGE_LOOP_ANALYSIS = YES;
				CLANG_WARN_STRICT_PROTOTYPES = YES;
				CLANG_WARN_SUSPICIOUS_MOVE = YES;
				CLANG_WARN_UNGUARDED_AVAILABILITY = YES_AGGRESSIVE;
				CLANG_WARN_UNREACHABLE_CODE = YES;
				CLANG_WARN__DUPLICATE_METHOD_MATCH = YES;
				COPY_PHASE_STRIP = NO;
				DEBUG_INFORMATION_FORMAT = "dwarf-with-dsym";
				ENABLE_NS_ASSERTIONS = NO;
				ENABLE_STRICT_OBJC_MSGSEND = YES;
				GCC_C_LANGUAGE_STANDARD = gnu11;
				GCC_NO_COMMON_BLOCKS = YES;
				GCC_WARN_64_TO_32_BIT_CONVERSION = YES;
				GCC_WARN_ABOUT_RETURN_TYPE = YES_ERROR;
				GCC_WARN_UNDECLARED_SELECTOR = YES;
				GCC_WARN_UNINITIALIZED_AUTOS = YES_AGGRESSIVE;
				GCC_WARN_UNUSED_FUNCTION = YES;
				GCC_WARN_UNUSED_VARIABLE = YES;
				IPHONEOS_DEPLOYMENT_TARGET = 14.5;
				MTL_ENABLE_DEBUG_INFO = NO;
				MTL_FAST_MATH = YES;
				SDKROOT = iphoneos;
				SWIFT_COMPILATION_MODE = wholemodule;
				SWIFT_OPTIMIZATION_LEVEL = "-O";
				VALIDATE_PRODUCT = YES;
			};
			name = Release;
		};
		D2AC1EC726CAE8D800C1B662 /* Debug */ = {
			isa = XCBuildConfiguration;
			buildSettings = {
				ASSETCATALOG_COMPILER_APPICON_NAME = AppIcon;
				ASSETCATALOG_COMPILER_GLOBAL_ACCENT_COLOR_NAME = AccentColor;
				CODE_SIGN_STYLE = Automatic;
				INFOPLIST_FILE = TipCalculatorPrework/Info.plist;
				LD_RUNPATH_SEARCH_PATHS = (
					"$(inherited)",
					"@executable_path/Frameworks",
				);
				PRODUCT_BUNDLE_IDENTIFIER = FirstApp.TipCalculatorPrework;
				PRODUCT_NAME = "$(TARGET_NAME)";
				SWIFT_VERSION = 5.0;
				TARGETED_DEVICE_FAMILY = "1,2";
			};
			name = Debug;
		};
		D2AC1EC826CAE8D800C1B662 /* Release */ = {
			isa = XCBuildConfiguration;
			buildSettings = {
				ASSETCATALOG_COMPILER_APPICON_NAME = AppIcon;
				ASSETCATALOG_COMPILER_GLOBAL_ACCENT_COLOR_NAME = AccentColor;
				CODE_SIGN_STYLE = Automatic;
				INFOPLIST_FILE = TipCalculatorPrework/Info.plist;
				LD_RUNPATH_SEARCH_PATHS = (
					"$(inherited)",
					"@executable_path/Frameworks",
				);
				PRODUCT_BUNDLE_IDENTIFIER = FirstApp.TipCalculatorPrework;
				PRODUCT_NAME = "$(TARGET_NAME)";
				SWIFT_VERSION = 5.0;
				TARGETED_DEVICE_FAMILY = "1,2";
			};
			name = Release;
		};
		D2AC1ECA26CAE8D800C1B662 /* Debug */ = {
			isa = XCBuildConfiguration;
			buildSettings = {
				ALWAYS_EMBED_SWIFT_STANDARD_LIBRARIES = YES;
				BUNDLE_LOADER = "$(TEST_HOST)";
				CODE_SIGN_STYLE = Automatic;
				INFOPLIST_FILE = TipCalculatorPreworkTests/Info.plist;
				IPHONEOS_DEPLOYMENT_TARGET = 14.5;
				LD_RUNPATH_SEARCH_PATHS = (
					"$(inherited)",
					"@executable_path/Frameworks",
					"@loader_path/Frameworks",
				);
				PRODUCT_BUNDLE_IDENTIFIER = FirstApp.TipCalculatorPreworkTests;
				PRODUCT_NAME = "$(TARGET_NAME)";
				SWIFT_VERSION = 5.0;
				TARGETED_DEVICE_FAMILY = "1,2";
				TEST_HOST = "$(BUILT_PRODUCTS_DIR)/TipCalculatorPrework.app/TipCalculatorPrework";
			};
			name = Debug;
		};
		D2AC1ECB26CAE8D800C1B662 /* Release */ = {
			isa = XCBuildConfiguration;
			buildSettings = {
				ALWAYS_EMBED_SWIFT_STANDARD_LIBRARIES = YES;
				BUNDLE_LOADER = "$(TEST_HOST)";
				CODE_SIGN_STYLE = Automatic;
				INFOPLIST_FILE = TipCalculatorPreworkTests/Info.plist;
				IPHONEOS_DEPLOYMENT_TARGET = 14.5;
				LD_RUNPATH_SEARCH_PATHS = (
					"$(inherited)",
					"@executable_path/Frameworks",
					"@loader_path/Frameworks",
				);
				PRODUCT_BUNDLE_IDENTIFIER = FirstApp.TipCalculatorPreworkTests;
				PRODUCT_NAME = "$(TARGET_NAME)";
				SWIFT_VERSION = 5.0;
				TARGETED_DEVICE_FAMILY = "1,2";
				TEST_HOST = "$(BUILT_PRODUCTS_DIR)/TipCalculatorPrework.app/TipCalculatorPrework";
			};
			name = Release;
		};
		D2AC1ECD26CAE8D800C1B662 /* Debug */ = {
			isa = XCBuildConfiguration;
			buildSettings = {
				ALWAYS_EMBED_SWIFT_STANDARD_LIBRARIES = YES;
				CODE_SIGN_STYLE = Automatic;
				INFOPLIST_FILE = TipCalculatorPreworkUITests/Info.plist;
				LD_RUNPATH_SEARCH_PATHS = (
					"$(inherited)",
					"@executable_path/Frameworks",
					"@loader_path/Frameworks",
				);
				PRODUCT_BUNDLE_IDENTIFIER = FirstApp.TipCalculatorPreworkUITests;
				PRODUCT_NAME = "$(TARGET_NAME)";
				SWIFT_VERSION = 5.0;
				TARGETED_DEVICE_FAMILY = "1,2";
				TEST_TARGET_NAME = TipCalculatorPrework;
			};
			name = Debug;
		};
		D2AC1ECE26CAE8D800C1B662 /* Release */ = {
			isa = XCBuildConfiguration;
			buildSettings = {
				ALWAYS_EMBED_SWIFT_STANDARD_LIBRARIES = YES;
				CODE_SIGN_STYLE = Automatic;
				INFOPLIST_FILE = TipCalculatorPreworkUITests/Info.plist;
				LD_RUNPATH_SEARCH_PATHS = (
					"$(inherited)",
					"@executable_path/Frameworks",
					"@loader_path/Frameworks",
				);
				PRODUCT_BUNDLE_IDENTIFIER = FirstApp.TipCalculatorPreworkUITests;
				PRODUCT_NAME = "$(TARGET_NAME)";
				SWIFT_VERSION = 5.0;
				TARGETED_DEVICE_FAMILY = "1,2";
				TEST_TARGET_NAME = TipCalculatorPrework;
			};
			name = Release;
		};
/* End XCBuildConfiguration section */

/* Begin XCConfigurationList section */
		D2AC1E9726CAE8D700C1B662 /* Build configuration list for PBXProject "TipCalculatorPrework" */ = {
			isa = XCConfigurationList;
			buildConfigurations = (
				D2AC1EC426CAE8D800C1B662 /* Debug */,
				D2AC1EC526CAE8D800C1B662 /* Release */,
			);
			defaultConfigurationIsVisible = 0;
			defaultConfigurationName = Release;
		};
		D2AC1EC626CAE8D800C1B662 /* Build configuration list for PBXNativeTarget "TipCalculatorPrework" */ = {
			isa = XCConfigurationList;
			buildConfigurations = (
				D2AC1EC726CAE8D800C1B662 /* Debug */,
				D2AC1EC826CAE8D800C1B662 /* Release */,
			);
			defaultConfigurationIsVisible = 0;
			defaultConfigurationName = Release;
		};
		D2AC1EC926CAE8D800C1B662 /* Build configuration list for PBXNativeTarget "TipCalculatorPreworkTests" */ = {
			isa = XCConfigurationList;
			buildConfigurations = (
				D2AC1ECA26CAE8D800C1B662 /* Debug */,
				D2AC1ECB26CAE8D800C1B662 /* Release */,
			);
			defaultConfigurationIsVisible = 0;
			defaultConfigurationName = Release;
		};
		D2AC1ECC26CAE8D800C1B662 /* Build configuration list for PBXNativeTarget "TipCalculatorPreworkUITests" */ = {
			isa = XCConfigurationList;
			buildConfigurations = (
				D2AC1ECD26CAE8D800C1B662 /* Debug */,
				D2AC1ECE26CAE8D800C1B662 /* Release */,
			);
			defaultConfigurationIsVisible = 0;
			defaultConfigurationName = Release;
		};
/* End XCConfigurationList section */
	};
	rootObject = D2AC1E9426CAE8D700C1B662 /* Project object */;
}
